
Microsoft Visual Studio Solution File, Format Version 12.00
# Visual Studio Version 16
VisualStudioVersion = 16.0.31624.102
MinimumVisualStudioVersion = 10.0.40219.1
Project("{FAE04EC0-301F-11D3-BF4B-00C04F79EFBC}") = "Example01", "Example01\Example01.csproj", "{BDF32B56-5184-4537-838B-7B84E9B39A51}"
EndProject
Project("{FAE04EC0-301F-11D3-BF4B-00C04F79EFBC}") = "Example02", "Example02\Example02.csproj", "{9E229E13-57F7-46D6-BB27-D7FF5B64D202}"
EndProject
Project("{FAE04EC0-301F-11D3-BF4B-00C04F79EFBC}") = "Example03", "Example03\Example03.csproj", "{A482BE82-701F-42A8-B514-12AD805E8D5E}"
EndProject
Project("{FAE04EC0-301F-11D3-BF4B-00C04F79EFBC}") = "Example04", "Example04\Example04.csproj", "{1C33540B-B9CF-4164-86C2-A999003243B0}"
EndProject
Project("{FAE04EC0-301F-11D3-BF4B-00C04F79EFBC}") = "Example05", "Example05\Example05.csproj", "{0B8FAFD8-D1C8-4C85-9764-1B44FDBCD61B}"
EndProject
Global
	GlobalSection(SolutionConfigurationPlatforms) = preSolution
		Debug|Any CPU = Debug|Any CPU
		Release|Any CPU = Release|Any CPU
	EndGlobalSection
	GlobalSection(ProjectConfigurationPlatforms) = postSolution
		{BDF32B56-5184-4537-838B-7B84E9B39A51}.Debug|Any CPU.ActiveCfg = Debug|Any CPU
		{BDF32B56-5184-4537-838B-7B84E9B39A51}.Debug|Any CPU.Build.0 = Debug|Any CPU
		{BDF32B56-5184-4537-838B-7B84E9B39A51}.Release|Any CPU.ActiveCfg = Release|Any CPU
		{BDF32B56-5184-4537-838B-7B84E9B39A51}.Release|Any CPU.Build.0 = Release|Any CPU
		{9E229E13-57F7-46D6-BB27-D7FF5B64D202}.Debug|Any CPU.ActiveCfg = Debug|Any CPU
		{9E229E13-57F7-46D6-BB27-D7FF5B64D202}.Debug|Any CPU.Build.0 = Debug|Any CPU
		{9E229E13-57F7-46D6-BB27-D7FF5B64D202}.Release|Any CPU.ActiveCfg = Release|Any CPU
		{9E229E13-57F7-46D6-BB27-D7FF5B64D202}.Release|Any CPU.Build.0 = Release|Any CPU
		{A482BE82-701F-42A8-B514-12AD805E8D5E}.Debug|Any CPU.ActiveCfg = Debug|Any CPU
		{A482BE82-701F-42A8-B514-12AD805E8D5E}.Debug|Any CPU.Build.0 = Debug|Any CPU
		{A482BE82-701F-42A8-B514-12AD805E8D5E}.Release|Any CPU.ActiveCfg = Release|Any CPU
		{A482BE82-701F-42A8-B514-12AD805E8D5E}.Release|Any CPU.Build.0 = Release|Any CPU
		{1C33540B-B9CF-4164-86C2-A999003243B0}.Debug|Any CPU.ActiveCfg = Debug|Any CPU
		{1C33540B-B9CF-4164-86C2-A999003243B0}.Debug|Any CPU.Build.0 = Debug|Any CPU
		{1C33540B-B9CF-4164-86C2-A999003243B0}.Release|Any CPU.ActiveCfg = Release|Any CPU
		{1C33540B-B9CF-4164-86C2-A999003243B0}.Release|Any CPU.Build.0 = Release|Any CPU
		{0B8FAFD8-D1C8-4C85-9764-1B44FDBCD61B}.Debug|Any CPU.ActiveCfg = Debug|Any CPU
		{0B8FAFD8-D1C8-4C85-9764-1B44FDBCD61B}.Debug|Any CPU.Build.0 = Debug|Any CPU
		{0B8FAFD8-D1C8-4C85-9764-1B44FDBCD61B}.Release|Any CPU.ActiveCfg = Release|Any CPU
		{0B8FAFD8-D1C8-4C85-9764-1B44FDBCD61B}.Release|Any CPU.Build.0 = Release|Any CPU
	EndGlobalSection
	GlobalSection(SolutionProperties) = preSolution
		HideSolutionNode = FALSE
	EndGlobalSection
	GlobalSection(ExtensibilityGlobals) = postSolution
		SolutionGuid = {522FD7C0-9EFF-42EF-ADE2-FB5FF056394C}
	EndGlobalSection
EndGlobal
